// !$*UTF8*$!
{
	archiveVersion = 1;
	classes = {
	};
	objectVersion = 46;
	objects = {

/* Begin PBXBuildFile section */
		2F0969E21CCCBB2D00A4D9E8 /* AppDelegate.swift in Sources */ = {isa = PBXBuildFile; fileRef = 2F0969E11CCCBB2D00A4D9E8 /* AppDelegate.swift */; };
		2F0969E71CCCBB2D00A4D9E8 /* Main.storyboard in Resources */ = {isa = PBXBuildFile; fileRef = 2F0969E51CCCBB2D00A4D9E8 /* Main.storyboard */; };
		2F0969EA1CCCBB2D00A4D9E8 /* ios_client.xcdatamodeld in Sources */ = {isa = PBXBuildFile; fileRef = 2F0969E81CCCBB2D00A4D9E8 /* ios_client.xcdatamodeld */; };
		2F0969EC1CCCBB2D00A4D9E8 /* Assets.xcassets in Resources */ = {isa = PBXBuildFile; fileRef = 2F0969EB1CCCBB2D00A4D9E8 /* Assets.xcassets */; };
		2F0969EF1CCCBB2D00A4D9E8 /* LaunchScreen.storyboard in Resources */ = {isa = PBXBuildFile; fileRef = 2F0969ED1CCCBB2D00A4D9E8 /* LaunchScreen.storyboard */; };
		2FBB82DF1CCCF8E0002AF907 /* CustomTableViewCell.swift in Sources */ = {isa = PBXBuildFile; fileRef = 2FBB82D91CCCF8E0002AF907 /* CustomTableViewCell.swift */; };
		2FBB82E01CCCF8E0002AF907 /* DetailViewController.swift in Sources */ = {isa = PBXBuildFile; fileRef = 2FBB82DA1CCCF8E0002AF907 /* DetailViewController.swift */; };
		2FBB82E11CCCF8E0002AF907 /* MovieParser.swift in Sources */ = {isa = PBXBuildFile; fileRef = 2FBB82DB1CCCF8E0002AF907 /* MovieParser.swift */; };
		2FBB82E21CCCF8E0002AF907 /* NetworkAsyncTask.swift in Sources */ = {isa = PBXBuildFile; fileRef = 2FBB82DC1CCCF8E0002AF907 /* NetworkAsyncTask.swift */; };
		2FBB82E31CCCF8E0002AF907 /* NewMovieController.swift in Sources */ = {isa = PBXBuildFile; fileRef = 2FBB82DD1CCCF8E0002AF907 /* NewMovieController.swift */; };
		2FBB82E41CCCF8E0002AF907 /* TableViewController.swift in Sources */ = {isa = PBXBuildFile; fileRef = 2FBB82DE1CCCF8E0002AF907 /* TableViewController.swift */; };
		2FBB82E61CCCFB0F002AF907 /* images.xcassets in Resources */ = {isa = PBXBuildFile; fileRef = 2FBB82E51CCCFB0F002AF907 /* images.xcassets */; };
		2FBB82E91CCD03BF002AF907 /* Movie+CoreDataProperties.swift in Sources */ = {isa = PBXBuildFile; fileRef = 2FBB82E71CCD03BF002AF907 /* Movie+CoreDataProperties.swift */; };
		2FBB82EA1CCD03BF002AF907 /* Movie.swift in Sources */ = {isa = PBXBuildFile; fileRef = 2FBB82E81CCD03BF002AF907 /* Movie.swift */; };
		2FBB82ED1CCE18FD002AF907 /* WatchMovieViewController.swift in Sources */ = {isa = PBXBuildFile; fileRef = 2FBB82EC1CCE18FD002AF907 /* WatchMovieViewController.swift */; };
		2FBB82F01CCE1FB1002AF907 /* AVFoundation.framework in Frameworks */ = {isa = PBXBuildFile; fileRef = 2FBB82EE1CCE1FB1002AF907 /* AVFoundation.framework */; };
		2FBB82F11CCE1FB1002AF907 /* AVKit.framework in Frameworks */ = {isa = PBXBuildFile; fileRef = 2FBB82EF1CCE1FB1002AF907 /* AVKit.framework */; };
/* End PBXBuildFile section */

/* Begin PBXFileReference section */
		2F0969DE1CCCBB2D00A4D9E8 /* ios-client.app */ = {isa = PBXFileReference; explicitFileType = wrapper.application; includeInIndex = 0; path = "ios-client.app"; sourceTree = BUILT_PRODUCTS_DIR; };
		2F0969E11CCCBB2D00A4D9E8 /* AppDelegate.swift */ = {isa = PBXFileReference; lastKnownFileType = sourcecode.swift; path = AppDelegate.swift; sourceTree = "<group>"; };
		2F0969E61CCCBB2D00A4D9E8 /* Base */ = {isa = PBXFileReference; lastKnownFileType = file.storyboard; name = Base; path = Base.lproj/Main.storyboard; sourceTree = "<group>"; };
		2F0969E91CCCBB2D00A4D9E8 /* ios_client.xcdatamodel */ = {isa = PBXFileReference; lastKnownFileType = wrapper.xcdatamodel; path = ios_client.xcdatamodel; sourceTree = "<group>"; };
		2F0969EB1CCCBB2D00A4D9E8 /* Assets.xcassets */ = {isa = PBXFileReference; lastKnownFileType = folder.assetcatalog; path = Assets.xcassets; sourceTree = "<group>"; };
		2F0969EE1CCCBB2D00A4D9E8 /* Base */ = {isa = PBXFileReference; lastKnownFileType = file.storyboard; name = Base; path = Base.lproj/LaunchScreen.storyboard; sourceTree = "<group>"; };
		2F0969F01CCCBB2D00A4D9E8 /* Info.plist */ = {isa = PBXFileReference; lastKnownFileType = text.plist.xml; path = Info.plist; sourceTree = "<group>"; };
		2FBB82D91CCCF8E0002AF907 /* CustomTableViewCell.swift */ = {isa = PBXFileReference; fileEncoding = 4; lastKnownFileType = sourcecode.swift; path = CustomTableViewCell.swift; sourceTree = "<group>"; };
		2FBB82DA1CCCF8E0002AF907 /* DetailViewController.swift */ = {isa = PBXFileReference; fileEncoding = 4; lastKnownFileType = sourcecode.swift; path = DetailViewController.swift; sourceTree = "<group>"; };
		2FBB82DB1CCCF8E0002AF907 /* MovieParser.swift */ = {isa = PBXFileReference; fileEncoding = 4; lastKnownFileType = sourcecode.swift; path = MovieParser.swift; sourceTree = "<group>"; };
		2FBB82DC1CCCF8E0002AF907 /* NetworkAsyncTask.swift */ = {isa = PBXFileReference; fileEncoding = 4; lastKnownFileType = sourcecode.swift; path = NetworkAsyncTask.swift; sourceTree = "<group>"; };
		2FBB82DD1CCCF8E0002AF907 /* NewMovieController.swift */ = {isa = PBXFileReference; fileEncoding = 4; lastKnownFileType = sourcecode.swift; path = NewMovieController.swift; sourceTree = "<group>"; };
		2FBB82DE1CCCF8E0002AF907 /* TableViewController.swift */ = {isa = PBXFileReference; fileEncoding = 4; lastKnownFileType = sourcecode.swift; path = TableViewController.swift; sourceTree = "<group>"; };
		2FBB82E51CCCFB0F002AF907 /* images.xcassets */ = {isa = PBXFileReference; lastKnownFileType = folder.assetcatalog; path = images.xcassets; sourceTree = "<group>"; };
		2FBB82E71CCD03BF002AF907 /* Movie+CoreDataProperties.swift */ = {isa = PBXFileReference; fileEncoding = 4; lastKnownFileType = sourcecode.swift; path = "Movie+CoreDataProperties.swift"; sourceTree = "<group>"; };
		2FBB82E81CCD03BF002AF907 /* Movie.swift */ = {isa = PBXFileReference; fileEncoding = 4; lastKnownFileType = sourcecode.swift; path = Movie.swift; sourceTree = "<group>"; };
		2FBB82EC1CCE18FD002AF907 /* WatchMovieViewController.swift */ = {isa = PBXFileReference; fileEncoding = 4; lastKnownFileType = sourcecode.swift; path = WatchMovieViewController.swift; sourceTree = "<group>"; };
		2FBB82EE1CCE1FB1002AF907 /* AVFoundation.framework */ = {isa = PBXFileReference; lastKnownFileType = wrapper.framework; name = AVFoundation.framework; path = System/Library/Frameworks/AVFoundation.framework; sourceTree = SDKROOT; };
		2FBB82EF1CCE1FB1002AF907 /* AVKit.framework */ = {isa = PBXFileReference; lastKnownFileType = wrapper.framework; name = AVKit.framework; path = System/Library/Frameworks/AVKit.framework; sourceTree = SDKROOT; };
/* End PBXFileReference section */

/* Begin PBXFrameworksBuildPhase section */
		2F0969DB1CCCBB2D00A4D9E8 /* Frameworks */ = {
			isa = PBXFrameworksBuildPhase;
			buildActionMask = 2147483647;
			files = (
				2FBB82F01CCE1FB1002AF907 /* AVFoundation.framework in Frameworks */,
				2FBB82F11CCE1FB1002AF907 /* AVKit.framework in Frameworks */,
			);
			runOnlyForDeploymentPostprocessing = 0;
		};
/* End PBXFrameworksBuildPhase section */

/* Begin PBXGroup section */
		2F0969D51CCCBB2D00A4D9E8 = {
			isa = PBXGroup;
			children = (
				2FBB82EE1CCE1FB1002AF907 /* AVFoundation.framework */,
				2FBB82EF1CCE1FB1002AF907 /* AVKit.framework */,
				2F0969E01CCCBB2D00A4D9E8 /* ios-client */,
				2F0969DF1CCCBB2D00A4D9E8 /* Products */,
			);
			sourceTree = "<group>";
		};
		2F0969DF1CCCBB2D00A4D9E8 /* Products */ = {
			isa = PBXGroup;
			children = (
				2F0969DE1CCCBB2D00A4D9E8 /* ios-client.app */,
			);
			name = Products;
			sourceTree = "<group>";
		};
		2F0969E01CCCBB2D00A4D9E8 /* ios-client */ = {
			isa = PBXGroup;
			children = (
				2FBB82EB1CCD7B47002AF907 /* CoreData */,
				2F0969E11CCCBB2D00A4D9E8 /* AppDelegate.swift */,
				2FBB82D91CCCF8E0002AF907 /* CustomTableViewCell.swift */,
				2FBB82DA1CCCF8E0002AF907 /* DetailViewController.swift */,
				2FBB82DB1CCCF8E0002AF907 /* MovieParser.swift */,
				2FBB82DC1CCCF8E0002AF907 /* NetworkAsyncTask.swift */,
				2FBB82DD1CCCF8E0002AF907 /* NewMovieController.swift */,
				2FBB82DE1CCCF8E0002AF907 /* TableViewController.swift */,
				2FBB82EC1CCE18FD002AF907 /* WatchMovieViewController.swift */,
				2F0969E81CCCBB2D00A4D9E8 /* ios_client.xcdatamodeld */,
				2F0969E51CCCBB2D00A4D9E8 /* Main.storyboard */,
				2F0969ED1CCCBB2D00A4D9E8 /* LaunchScreen.storyboard */,
				2F0969F01CCCBB2D00A4D9E8 /* Info.plist */,
				2FBB82E51CCCFB0F002AF907 /* images.xcassets */,
				2F0969EB1CCCBB2D00A4D9E8 /* Assets.xcassets */,
			);
			path = "ios-client";
			sourceTree = "<group>";
		};
		2FBB82EB1CCD7B47002AF907 /* CoreData */ = {
			isa = PBXGroup;
			children = (
				2FBB82E71CCD03BF002AF907 /* Movie+CoreDataProperties.swift */,
				2FBB82E81CCD03BF002AF907 /* Movie.swift */,
			);
			name = CoreData;
			sourceTree = "<group>";
		};
/* End PBXGroup section */

/* Begin PBXNativeTarget section */
		2F0969DD1CCCBB2D00A4D9E8 /* ios-client */ = {
			isa = PBXNativeTarget;
			buildConfigurationList = 2F0969F31CCCBB2D00A4D9E8 /* Build configuration list for PBXNativeTarget "ios-client" */;
			buildPhases = (
				2F0969DA1CCCBB2D00A4D9E8 /* Sources */,
				2F0969DB1CCCBB2D00A4D9E8 /* Frameworks */,
				2F0969DC1CCCBB2D00A4D9E8 /* Resources */,
			);
			buildRules = (
			);
			dependencies = (
			);
			name = "ios-client";
			productName = "ios-client";
			productReference = 2F0969DE1CCCBB2D00A4D9E8 /* ios-client.app */;
			productType = "com.apple.product-type.application";
		};
/* End PBXNativeTarget section */

/* Begin PBXProject section */
		2F0969D61CCCBB2D00A4D9E8 /* Project object */ = {
			isa = PBXProject;
			attributes = {
				LastSwiftUpdateCheck = 0730;
				LastUpgradeCheck = 0730;
				ORGANIZATIONNAME = "Tyler Brockett";
				TargetAttributes = {
					2F0969DD1CCCBB2D00A4D9E8 = {
						CreatedOnToolsVersion = 7.3;
					};
				};
			};
			buildConfigurationList = 2F0969D91CCCBB2D00A4D9E8 /* Build configuration list for PBXProject "ios-client" */;
			compatibilityVersion = "Xcode 3.2";
			developmentRegion = English;
			hasScannedForEncodings = 0;
			knownRegions = (
				en,
				Base,
			);
			mainGroup = 2F0969D51CCCBB2D00A4D9E8;
			productRefGroup = 2F0969DF1CCCBB2D00A4D9E8 /* Products */;
			projectDirPath = "";
			projectRoot = "";
			targets = (
				2F0969DD1CCCBB2D00A4D9E8 /* ios-client */,
			);
		};
/* End PBXProject section */

/* Begin PBXResourcesBuildPhase section */
		2F0969DC1CCCBB2D00A4D9E8 /* Resources */ = {
			isa = PBXResourcesBuildPhase;
			buildActionMask = 2147483647;
			files = (
				2F0969EF1CCCBB2D00A4D9E8 /* LaunchScreen.storyboard in Resources */,
				2FBB82E61CCCFB0F002AF907 /* images.xcassets in Resources */,
				2F0969EC1CCCBB2D00A4D9E8 /* Assets.xcassets in Resources */,
				2F0969E71CCCBB2D00A4D9E8 /* Main.storyboard in Resources */,
			);
			runOnlyForDeploymentPostprocessing = 0;
		};
/* End PBXResourcesBuildPhase section */

/* Begin PBXSourcesBuildPhase section */
		2F0969DA1CCCBB2D00A4D9E8 /* Sources */ = {
			isa = PBXSourcesBuildPhase;
			buildActionMask = 2147483647;
			files = (
				2FBB82E31CCCF8E0002AF907 /* NewMovieController.swift in Sources */,
				2F0969EA1CCCBB2D00A4D9E8 /* ios_client.xcdatamodeld in Sources */,
				2FBB82E11CCCF8E0002AF907 /* MovieParser.swift in Sources */,
				2FBB82E21CCCF8E0002AF907 /* NetworkAsyncTask.swift in Sources */,
				2FBB82E01CCCF8E0002AF907 /* DetailViewController.swift in Sources */,
				2FBB82E91CCD03BF002AF907 /* Movie+CoreDataProperties.swift in Sources */,
				2FBB82DF1CCCF8E0002AF907 /* CustomTableViewCell.swift in Sources */,
				2FBB82E41CCCF8E0002AF907 /* TableViewController.swift in Sources */,
				2FBB82ED1CCE18FD002AF907 /* WatchMovieViewController.swift in Sources */,
				2FBB82EA1CCD03BF002AF907 /* Movie.swift in Sources */,
				2F0969E21CCCBB2D00A4D9E8 /* AppDelegate.swift in Sources */,
			);
			runOnlyForDeploymentPostprocessing = 0;
		};
/* End PBXSourcesBuildPhase section */

/* Begin PBXVariantGroup section */
		2F0969E51CCCBB2D00A4D9E8 /* Main.storyboard */ = {
			isa = PBXVariantGroup;
			children = (
				2F0969E61CCCBB2D00A4D9E8 /* Base */,
			);
			name = Main.storyboard;
			sourceTree = "<group>";
		};
		2F0969ED1CCCBB2D00A4D9E8 /* LaunchScreen.storyboard */ = {
			isa = PBXVariantGroup;
			children = (
				2F0969EE1CCCBB2D00A4D9E8 /* Base */,
			);
			name = LaunchScreen.storyboard;
			sourceTree = "<group>";
		};
/* End PBXVariantGroup section */

/* Begin XCBuildConfiguration section */
		2F0969F11CCCBB2D00A4D9E8 /* Debug */ = {
			isa = XCBuildConfiguration;
			buildSettings = {
				ALWAYS_SEARCH_USER_PATHS = NO;
				CLANG_ANALYZER_NONNULL = YES;
				CLANG_CXX_LANGUAGE_STANDARD = "gnu++0x";
				CLANG_CXX_LIBRARY = "libc++";
				CLANG_ENABLE_MODULES = YES;
				CLANG_ENABLE_OBJC_ARC = YES;
				CLANG_WARN_BOOL_CONVERSION = YES;
				CLANG_WARN_CONSTANT_CONVERSION = YES;
				CLANG_WARN_DIRECT_OBJC_ISA_USAGE = YES_ERROR;
				CLANG_WARN_EMPTY_BODY = YES;
				CLANG_WARN_ENUM_CONVERSION = YES;
				CLANG_WARN_INT_CONVERSION = YES;
				CLANG_WARN_OBJC_ROOT_CLASS = YES_ERROR;
				CLANG_WARN_UNREACHABLE_CODE = YES;
				CLANG_WARN__DUPLICATE_METHOD_MATCH = YES;
				"CODE_SIGN_IDENTITY[sdk=iphoneos*]" = "iPhone Developer";
				COPY_PHASE_STRIP = NO;
				DEBUG_INFORMATION_FORMAT = dwarf;
				ENABLE_STRICT_OBJC_MSGSEND = YES;
				ENABLE_TESTABILITY = YES;
				GCC_C_LANGUAGE_STANDARD = gnu99;
				GCC_DYNAMIC_NO_PIC = NO;
				GCC_NO_COMMON_BLOCKS = YES;
				GCC_OPTIMIZATION_LEVEL = 0;
				GCC_PREPROCESSOR_DEFINITIONS = (
					"DEBUG=1",
					"$(inherited)",
				);
				GCC_WARN_64_TO_32_BIT_CONVERSION = YES;
				GCC_WARN_ABOUT_RETURN_TYPE = YES_ERROR;
				GCC_WARN_UNDECLARED_SELECTOR = YES;
				GCC_WARN_UNINITIALIZED_AUTOS = YES_AGGRESSIVE;
				GCC_WARN_UNUSED_FUNCTION = YES;
				GCC_WARN_UNUSED_VARIABLE = YES;
				IPHONEOS_DEPLOYMENT_TARGET = 9.3;
				MTL_ENABLE_DEBUG_INFO = YES;
				ONLY_ACTIVE_ARCH = YES;
				SDKROOT = iphoneos;
				SWIFT_OPTIMIZATION_LEVEL = "-Onone";
				TARGETED_DEVICE_FAMILY = "1,2";
			};
			name = Debug;
		};
		2F0969F21CCCBB2D00A4D9E8 /* Release */ = {
			isa = XCBuildConfiguration;
			buildSettings = {
				ALWAYS_SEARCH_USER_PATHS = NO;
				CLANG_ANALYZER_NONNULL = YES;
				CLANG_CXX_LANGUAGE_STANDARD = "gnu++0x";
				CLANG_CXX_LIBRARY = "libc++";
				CLANG_ENABLE_MODULES = YES;
				CLANG_ENABLE_OBJC_ARC = YES;
				CLANG_WARN_BOOL_CONVERSION = YES;
				CLANG_WARN_CONSTANT_CONVERSION = YES;
				CLANG_WARN_DIRECT_OBJC_ISA_USAGE = YES_ERROR;
				CLANG_WARN_EMPTY_BODY = YES;
				CLANG_WARN_ENUM_CONVERSION = YES;
				CLANG_WARN_INT_CONVERSION = YES;
				CLANG_WARN_OBJC_ROOT_CLASS = YES_ERROR;
				CLANG_WARN_UNREACHABLE_CODE = YES;
				CLANG_WARN__DUPLICATE_METHOD_MATCH = YES;
				"CODE_SIGN_IDENTITY[sdk=iphoneos*]" = "iPhone Developer";
				COPY_PHASE_STRIP = NO;
				DEBUG_INFORMATION_FORMAT = "dwarf-with-dsym";
				ENABLE_NS_ASSERTIONS = NO;
				ENABLE_STRICT_OBJC_MSGSEND = YES;
				GCC_C_LANGUAGE_STANDARD = gnu99;
				GCC_NO_COMMON_BLOCKS = YES;
				GCC_WARN_64_TO_32_BIT_CONVERSION = YES;
				GCC_WARN_ABOUT_RETURN_TYPE = YES_ERROR;
				GCC_WARN_UNDECLARED_SELECTOR = YES;
				GCC_WARN_UNINITIALIZED_AUTOS = YES_AGGRESSIVE;
				GCC_WARN_UNUSED_FUNCTION = YES;
				GCC_WARN_UNUSED_VARIABLE = YES;
				IPHONEOS_DEPLOYMENT_TARGET = 9.3;
				MTL_ENABLE_DEBUG_INFO = NO;
				SDKROOT = iphoneos;
				TARGETED_DEVICE_FAMILY = "1,2";
				VALIDATE_PRODUCT = YES;
			};
			name = Release;
		};
		2F0969F41CCCBB2D00A4D9E8 /* Debug */ = {
			isa = XCBuildConfiguration;
			buildSettings = {
				ASSETCATALOG_COMPILER_APPICON_NAME = AppIcon;
				INFOPLIST_FILE = "ios-client/Info.plist";
				IPHONEOS_DEPLOYMENT_TARGET = 9.2;
				LD_RUNPATH_SEARCH_PATHS = "$(inherited) @executable_path/Frameworks";
				PRODUCT_BUNDLE_IDENTIFIER = "edu.asu.bscs.tkbrocke.ios-client";
				PRODUCT_NAME = "$(TARGET_NAME)";
			};
			name = Debug;
		};
		2F0969F51CCCBB2D00A4D9E8 /* Release */ = {
			isa = XCBuildConfiguration;
			buildSettings = {
				ASSETCATALOG_COMPILER_APPICON_NAME = AppIcon;
				INFOPLIST_FILE = "ios-client/Info.plist";
				IPHONEOS_DEPLOYMENT_TARGET = 9.2;
				LD_RUNPATH_SEARCH_PATHS = "$(inherited) @executable_path/Frameworks";
				PRODUCT_BUNDLE_IDENTIFIER = "edu.asu.bscs.tkbrocke.ios-client";
				PRODUCT_NAME = "$(TARGET_NAME)";
			};
			name = Release;
		};
/* End XCBuildConfiguration section */

/* Begin XCConfigurationList section */
		2F0969D91CCCBB2D00A4D9E8 /* Build configuration list for PBXProject "ios-client" */ = {
			isa = XCConfigurationList;
			buildConfigurations = (
				2F0969F11CCCBB2D00A4D9E8 /* Debug */,
				2F0969F21CCCBB2D00A4D9E8 /* Release */,
			);
			defaultConfigurationIsVisible = 0;
			defaultConfigurationName = Release;
		};
		2F0969F31CCCBB2D00A4D9E8 /* Build configuration list for PBXNativeTarget "ios-client" */ = {
			isa = XCConfigurationList;
			buildConfigurations = (
				2F0969F41CCCBB2D00A4D9E8 /* Debug */,
				2F0969F51CCCBB2D00A4D9E8 /* Release */,
			);
			defaultConfigurationIsVisible = 0;
			defaultConfigurationName = Release;
		};
/* End XCConfigurationList section */

/* Begin XCVersionGroup section */
		2F0969E81CCCBB2D00A4D9E8 /* ios_client.xcdatamodeld */ = {
			isa = XCVersionGroup;
			children = (
				2F0969E91CCCBB2D00A4D9E8 /* ios_client.xcdatamodel */,
			);
			currentVersion = 2F0969E91CCCBB2D00A4D9E8 /* ios_client.xcdatamodel */;
			path = ios_client.xcdatamodeld;
			sourceTree = "<group>";
			versionGroupType = wrapper.xcdatamodel;
		};
/* End XCVersionGroup section */
	};
	rootObject = 2F0969D61CCCBB2D00A4D9E8 /* Project object */;
}
